
Microsoft Visual Studio Solution File, Format Version 12.00
# Visual Studio Version 16
VisualStudioVersion = 16.0.30523.141
MinimumVisualStudioVersion = 10.0.40219.1
Project("{FAE04EC0-301F-11D3-BF4B-00C04F79EFBC}") = "QxlServer", "QxlServer\QxlServer.csproj", "{47E9A537-A273-4DC8-B926-99B74CE2EDFE}"
EndProject
Global
	GlobalSection(SolutionConfigurationPlatforms) = preSolution
		Debug|Any CPU = Debug|Any CPU
		Release|Any CPU = Release|Any CPU
	EndGlobalSection
	GlobalSection(ProjectConfigurationPlatforms) = postSolution
		{47E9A537-A273-4DC8-B926-99B74CE2EDFE}.Debug|Any CPU.ActiveCfg = Debug|Any CPU
		{47E9A537-A273-4DC8-B926-99B74CE2EDFE}.Debug|Any CPU.Build.0 = Debug|Any CPU
		{47E9A537-A273-4DC8-B926-99B74CE2EDFE}.Release|Any CPU.ActiveCfg = Release|Any CPU
		{47E9A537-A273-4DC8-B926-99B74CE2EDFE}.Release|Any CPU.Build.0 = Release|Any CPU
	EndGlobalSection
	GlobalSection(SolutionProperties) = preSolution
		HideSolutionNode = FALSE
	EndGlobalSection
	GlobalSection(ExtensibilityGlobals) = postSolution
		SolutionGuid = {39BB1121-CD16-48D2-AC56-90352BFE1A06}
	EndGlobalSection
EndGlobal
